
Microsoft Visual Studio Solution File, Format Version 12.00
# Visual Studio Version 17
VisualStudioVersion = 17.0.31919.166
MinimumVisualStudioVersion = 10.0.40219.1
Project("{FAE04EC0-301F-11D3-BF4B-00C04F79EFBC}") = "ReserveSpot.Services.Infrastructure.Build", "ReserveSpot.Services.Infrastructure.Build\ReserveSpot.Services.Infrastructure.Build.csproj", "{0EB0A816-9255-49A1-90C7-21D89AF12095}"
EndProject
Project("{2150E333-8FDC-42A3-9474-1A3956D46DE8}") = "Solution Items", "Solution Items", "{EF3C511D-CB92-4679-B147-ED603DCFB074}"
	ProjectSection(SolutionItems) = preProject
		.editorconfig = .editorconfig
	EndProjectSection
EndProject
Global
	GlobalSection(SolutionConfigurationPlatforms) = preSolution
		Debug|Any CPU = Debug|Any CPU
		Release|Any CPU = Release|Any CPU
	EndGlobalSection
	GlobalSection(ProjectConfigurationPlatforms) = postSolution
		{0EB0A816-9255-49A1-90C7-21D89AF12095}.Debug|Any CPU.ActiveCfg = Debug|Any CPU
		{0EB0A816-9255-49A1-90C7-21D89AF12095}.Debug|Any CPU.Build.0 = Debug|Any CPU
		{0EB0A816-9255-49A1-90C7-21D89AF12095}.Release|Any CPU.ActiveCfg = Release|Any CPU
		{0EB0A816-9255-49A1-90C7-21D89AF12095}.Release|Any CPU.Build.0 = Release|Any CPU
	EndGlobalSection
	GlobalSection(SolutionProperties) = preSolution
		HideSolutionNode = FALSE
	EndGlobalSection
	GlobalSection(ExtensibilityGlobals) = postSolution
		SolutionGuid = {C7EFEBBB-C3EE-4233-A469-DC22B03E7E4C}
	EndGlobalSection
EndGlobal
